
Microsoft Visual Studio Solution File, Format Version 12.00
# Visual Studio Version 16
VisualStudioVersion = 25.0.1706.8
MinimumVisualStudioVersion = 10.0.40219.1
Project("{FAE04EC0-301F-11D3-BF4B-00C04F79EFBC}") = "QArte.API", "QArte.API.csproj", "{2DA1FE91-4FA1-48DE-9126-FAE5ACFEA1DD}"
EndProject
Global
	GlobalSection(SolutionConfigurationPlatforms) = preSolution
		Debug|Any CPU = Debug|Any CPU
		Release|Any CPU = Release|Any CPU
	EndGlobalSection
	GlobalSection(ProjectConfigurationPlatforms) = postSolution
		{2DA1FE91-4FA1-48DE-9126-FAE5ACFEA1DD}.Debug|Any CPU.ActiveCfg = Debug|Any CPU
		{2DA1FE91-4FA1-48DE-9126-FAE5ACFEA1DD}.Debug|Any CPU.Build.0 = Debug|Any CPU
		{2DA1FE91-4FA1-48DE-9126-FAE5ACFEA1DD}.Release|Any CPU.ActiveCfg = Release|Any CPU
		{2DA1FE91-4FA1-48DE-9126-FAE5ACFEA1DD}.Release|Any CPU.Build.0 = Release|Any CPU
	EndGlobalSection
	GlobalSection(SolutionProperties) = preSolution
		HideSolutionNode = FALSE
	EndGlobalSection
	GlobalSection(ExtensibilityGlobals) = postSolution
		SolutionGuid = {52B5ECDB-3082-426D-95EA-0C6C5262F998}
	EndGlobalSection
EndGlobal
